
Microsoft Visual Studio Solution File, Format Version 12.00
# Visual Studio Version 16
VisualStudioVersion = 16.0.31229.75
MinimumVisualStudioVersion = 10.0.40219.1
Project("{2150E333-8FDC-42A3-9474-1A3956D46DE8}") = "1-Presentations", "1-Presentations", "{18D4A07D-827E-43BA-9A8F-83253B3B783F}"
EndProject
Project("{2150E333-8FDC-42A3-9474-1A3956D46DE8}") = "3-Applications", "3-Applications", "{C9F290DA-6A17-4530-AE40-EB695138ED62}"
EndProject
Project("{2150E333-8FDC-42A3-9474-1A3956D46DE8}") = "4-Domains", "4-Domains", "{25571434-909C-4322-B25A-563E578ED335}"
EndProject
Project("{2150E333-8FDC-42A3-9474-1A3956D46DE8}") = "5-Infrastructures", "5-Infrastructures", "{FFEAF4FE-04E0-4CC6-850B-C7439ED9BCDB}"
EndProject
Project("{2150E333-8FDC-42A3-9474-1A3956D46DE8}") = "Desktop", "Desktop", "{D9C276A7-8A25-4851-81AC-415B4B33462A}"
EndProject
Project("{6EC3EE1D-3C4E-46DD-8F32-0CC8E7565705}") = "GUI", "src\GUI\GUI.fsproj", "{D4ED34F4-58BD-40E8-AF14-B8A472D23171}"
EndProject
Project("{2150E333-8FDC-42A3-9474-1A3956D46DE8}") = "5.1-Data", "5.1-Data", "{2B8679F4-0606-4B9C-959B-0A87EE24E390}"
EndProject
Project("{2150E333-8FDC-42A3-9474-1A3956D46DE8}") = "2-Services", "2-Services", "{4FFD2453-572F-442C-A7BC-9FEFCFA9AC32}"
EndProject
Project("{2150E333-8FDC-42A3-9474-1A3956D46DE8}") = "5.2-CrossCuttings", "5.2-CrossCuttings", "{FD42FEC1-D295-4777-85DE-9871FE03DC89}"
EndProject
Project("{9A19103F-16F7-4668-BE54-9A1E7A4F7556}") = "Domain", "src\Domain\Domain.csproj", "{97609809-47A6-4EA3-8D1A-E7C6124C7DFB}"
EndProject
Project("{9A19103F-16F7-4668-BE54-9A1E7A4F7556}") = "Domain.Core", "src\Domain.Core\Domain.Core.csproj", "{2659D21E-DEB0-4618-8E82-A4E95BA3A461}"
EndProject
Project("{9A19103F-16F7-4668-BE54-9A1E7A4F7556}") = "Infra.Data", "src\Infra.Data\Infra.Data.csproj", "{7F88DC80-8B7A-4977-81CE-0BE4D1ABAD46}"
EndProject
Project("{9A19103F-16F7-4668-BE54-9A1E7A4F7556}") = "Infra.CrossCutting.Bus", "src\Infra.CrossCutting.Bus\Infra.CrossCutting.Bus.csproj", "{7DBA5292-F5B4-478E-B6B8-99A4DF9CE98B}"
EndProject
Project("{9A19103F-16F7-4668-BE54-9A1E7A4F7556}") = "Infra.CrossCutting.Identity", "src\Infra.CrossCutting.Identity\Infra.CrossCutting.Identity.csproj", "{EE4C6EBE-4C8F-4E18-A43E-7E0EA2D07D05}"
EndProject
Project("{9A19103F-16F7-4668-BE54-9A1E7A4F7556}") = "Infra.CrossCutting.Ioc", "src\Infra.CrossCutting.Ioc\Infra.CrossCutting.Ioc.csproj", "{08F8F7F1-B51A-4701-B7B0-B0BAD549149C}"
EndProject
Project("{FAE04EC0-301F-11D3-BF4B-00C04F79EFBC}") = "Application", "src\Application\Application.csproj", "{2AD954E0-B1CF-47AC-9F3A-7D062E190170}"
EndProject
Global
	GlobalSection(SolutionConfigurationPlatforms) = preSolution
		Debug|Any CPU = Debug|Any CPU
		Release|Any CPU = Release|Any CPU
	EndGlobalSection
	GlobalSection(ProjectConfigurationPlatforms) = postSolution
		{D4ED34F4-58BD-40E8-AF14-B8A472D23171}.Debug|Any CPU.ActiveCfg = Debug|Any CPU
		{D4ED34F4-58BD-40E8-AF14-B8A472D23171}.Debug|Any CPU.Build.0 = Debug|Any CPU
		{D4ED34F4-58BD-40E8-AF14-B8A472D23171}.Release|Any CPU.ActiveCfg = Release|Any CPU
		{D4ED34F4-58BD-40E8-AF14-B8A472D23171}.Release|Any CPU.Build.0 = Release|Any CPU
		{97609809-47A6-4EA3-8D1A-E7C6124C7DFB}.Debug|Any CPU.ActiveCfg = Debug|Any CPU
		{97609809-47A6-4EA3-8D1A-E7C6124C7DFB}.Debug|Any CPU.Build.0 = Debug|Any CPU
		{97609809-47A6-4EA3-8D1A-E7C6124C7DFB}.Release|Any CPU.ActiveCfg = Release|Any CPU
		{97609809-47A6-4EA3-8D1A-E7C6124C7DFB}.Release|Any CPU.Build.0 = Release|Any CPU
		{2659D21E-DEB0-4618-8E82-A4E95BA3A461}.Debug|Any CPU.ActiveCfg = Debug|Any CPU
		{2659D21E-DEB0-4618-8E82-A4E95BA3A461}.Debug|Any CPU.Build.0 = Debug|Any CPU
		{2659D21E-DEB0-4618-8E82-A4E95BA3A461}.Release|Any CPU.ActiveCfg = Release|Any CPU
		{2659D21E-DEB0-4618-8E82-A4E95BA3A461}.Release|Any CPU.Build.0 = Release|Any CPU
		{7F88DC80-8B7A-4977-81CE-0BE4D1ABAD46}.Debug|Any CPU.ActiveCfg = Debug|Any CPU
		{7F88DC80-8B7A-4977-81CE-0BE4D1ABAD46}.Debug|Any CPU.Build.0 = Debug|Any CPU
		{7F88DC80-8B7A-4977-81CE-0BE4D1ABAD46}.Release|Any CPU.ActiveCfg = Release|Any CPU
		{7F88DC80-8B7A-4977-81CE-0BE4D1ABAD46}.Release|Any CPU.Build.0 = Release|Any CPU
		{7DBA5292-F5B4-478E-B6B8-99A4DF9CE98B}.Debug|Any CPU.ActiveCfg = Debug|Any CPU
		{7DBA5292-F5B4-478E-B6B8-99A4DF9CE98B}.Debug|Any CPU.Build.0 = Debug|Any CPU
		{7DBA5292-F5B4-478E-B6B8-99A4DF9CE98B}.Release|Any CPU.ActiveCfg = Release|Any CPU
		{7DBA5292-F5B4-478E-B6B8-99A4DF9CE98B}.Release|Any CPU.Build.0 = Release|Any CPU
		{EE4C6EBE-4C8F-4E18-A43E-7E0EA2D07D05}.Debug|Any CPU.ActiveCfg = Debug|Any CPU
		{EE4C6EBE-4C8F-4E18-A43E-7E0EA2D07D05}.Debug|Any CPU.Build.0 = Debug|Any CPU
		{EE4C6EBE-4C8F-4E18-A43E-7E0EA2D07D05}.Release|Any CPU.ActiveCfg = Release|Any CPU
		{EE4C6EBE-4C8F-4E18-A43E-7E0EA2D07D05}.Release|Any CPU.Build.0 = Release|Any CPU
		{08F8F7F1-B51A-4701-B7B0-B0BAD549149C}.Debug|Any CPU.ActiveCfg = Debug|Any CPU
		{08F8F7F1-B51A-4701-B7B0-B0BAD549149C}.Debug|Any CPU.Build.0 = Debug|Any CPU
		{08F8F7F1-B51A-4701-B7B0-B0BAD549149C}.Release|Any CPU.ActiveCfg = Release|Any CPU
		{08F8F7F1-B51A-4701-B7B0-B0BAD549149C}.Release|Any CPU.Build.0 = Release|Any CPU
		{2AD954E0-B1CF-47AC-9F3A-7D062E190170}.Debug|Any CPU.ActiveCfg = Debug|Any CPU
		{2AD954E0-B1CF-47AC-9F3A-7D062E190170}.Debug|Any CPU.Build.0 = Debug|Any CPU
		{2AD954E0-B1CF-47AC-9F3A-7D062E190170}.Release|Any CPU.ActiveCfg = Release|Any CPU
		{2AD954E0-B1CF-47AC-9F3A-7D062E190170}.Release|Any CPU.Build.0 = Release|Any CPU
	EndGlobalSection
	GlobalSection(SolutionProperties) = preSolution
		HideSolutionNode = FALSE
	EndGlobalSection
	GlobalSection(NestedProjects) = preSolution
		{D9C276A7-8A25-4851-81AC-415B4B33462A} = {18D4A07D-827E-43BA-9A8F-83253B3B783F}
		{D4ED34F4-58BD-40E8-AF14-B8A472D23171} = {D9C276A7-8A25-4851-81AC-415B4B33462A}
		{2B8679F4-0606-4B9C-959B-0A87EE24E390} = {FFEAF4FE-04E0-4CC6-850B-C7439ED9BCDB}
		{FD42FEC1-D295-4777-85DE-9871FE03DC89} = {FFEAF4FE-04E0-4CC6-850B-C7439ED9BCDB}
		{97609809-47A6-4EA3-8D1A-E7C6124C7DFB} = {25571434-909C-4322-B25A-563E578ED335}
		{2659D21E-DEB0-4618-8E82-A4E95BA3A461} = {25571434-909C-4322-B25A-563E578ED335}
		{7F88DC80-8B7A-4977-81CE-0BE4D1ABAD46} = {2B8679F4-0606-4B9C-959B-0A87EE24E390}
		{7DBA5292-F5B4-478E-B6B8-99A4DF9CE98B} = {FD42FEC1-D295-4777-85DE-9871FE03DC89}
		{EE4C6EBE-4C8F-4E18-A43E-7E0EA2D07D05} = {FD42FEC1-D295-4777-85DE-9871FE03DC89}
		{08F8F7F1-B51A-4701-B7B0-B0BAD549149C} = {FD42FEC1-D295-4777-85DE-9871FE03DC89}
		{2AD954E0-B1CF-47AC-9F3A-7D062E190170} = {C9F290DA-6A17-4530-AE40-EB695138ED62}
	EndGlobalSection
	GlobalSection(ExtensibilityGlobals) = postSolution
		SolutionGuid = {447FAA23-E2CC-4CF4-B373-3C5A83222087}
	EndGlobalSection
EndGlobal
