
Microsoft Visual Studio Solution File, Format Version 12.00
# Visual Studio Version 16
VisualStudioVersion = 16.0.31229.75
MinimumVisualStudioVersion = 10.0.40219.1
Project("{2150E333-8FDC-42A3-9474-1A3956D46DE8}") = "1-Presentations", "1-Presentations", "{18D4A07D-827E-43BA-9A8F-83253B3B783F}"
EndProject
Project("{2150E333-8FDC-42A3-9474-1A3956D46DE8}") = "3-Applications", "3-Applications", "{C9F290DA-6A17-4530-AE40-EB695138ED62}"
EndProject
Project("{2150E333-8FDC-42A3-9474-1A3956D46DE8}") = "4-Domains", "4-Domains", "{25571434-909C-4322-B25A-563E578ED335}"
EndProject
Project("{2150E333-8FDC-42A3-9474-1A3956D46DE8}") = "5-Infrastructures", "5-Infrastructures", "{FFEAF4FE-04E0-4CC6-850B-C7439ED9BCDB}"
EndProject
Project("{2150E333-8FDC-42A3-9474-1A3956D46DE8}") = "5.1-Data", "5.1-Data", "{2B8679F4-0606-4B9C-959B-0A87EE24E390}"
EndProject
Project("{2150E333-8FDC-42A3-9474-1A3956D46DE8}") = "2-Services", "2-Services", "{4FFD2453-572F-442C-A7BC-9FEFCFA9AC32}"
EndProject
Project("{2150E333-8FDC-42A3-9474-1A3956D46DE8}") = "5.2-CrossCuttings", "5.2-CrossCuttings", "{FD42FEC1-D295-4777-85DE-9871FE03DC89}"
EndProject
Project("{9A19103F-16F7-4668-BE54-9A1E7A4F7556}") = "Domain.Core", "src\Domain.Core\Domain.Core.csproj", "{54A59F33-0FCE-4007-9F9B-09FB4E0EDB1C}"
EndProject
Project("{9A19103F-16F7-4668-BE54-9A1E7A4F7556}") = "Domain", "src\Domain\Domain.csproj", "{9E2C2CB6-4789-42DC-9553-DF9D14497C98}"
EndProject
Project("{9A19103F-16F7-4668-BE54-9A1E7A4F7556}") = "Infra.Data", "src\Infra.Data\Infra.Data.csproj", "{406EF6FB-56FE-44FC-A7D3-A6F01ED5AFCC}"
EndProject
Project("{9A19103F-16F7-4668-BE54-9A1E7A4F7556}") = "Infra.CrossCutting.Identity", "src\Infra.CrossCutting.Identity\Infra.CrossCutting.Identity.csproj", "{257FCA5D-0EC4-4151-B756-A1EE717952FF}"
EndProject
Project("{9A19103F-16F7-4668-BE54-9A1E7A4F7556}") = "Infra.CrossCutting.Bus", "src\Infra.CrossCutting.Bus\Infra.CrossCutting.Bus.csproj", "{34F8E11F-3E12-4D50-9380-25C8EF679B39}"
EndProject
Project("{9A19103F-16F7-4668-BE54-9A1E7A4F7556}") = "Infra.CrossCutting.Ioc", "src\Infra.CrossCutting.Ioc\Infra.CrossCutting.Ioc.csproj", "{B4D1C53A-7933-44F2-8D9C-291EAAA93491}"
EndProject
Project("{9A19103F-16F7-4668-BE54-9A1E7A4F7556}") = "Application", "src\Application\Application.csproj", "{2611E001-6B06-4592-904A-85B4F0CA9ACF}"
EndProject
Project("{9A19103F-16F7-4668-BE54-9A1E7A4F7556}") = "Service.Api", "src\Service.Api\Service.Api.csproj", "{66027439-44F7-4112-B9AD-F3E8BA606E2D}"
EndProject
Project("{9A19103F-16F7-4668-BE54-9A1E7A4F7556}") = "Web.UI", "src\Web.UI\Web.UI.csproj", "{67AF12FA-DA01-48AD-AAC2-5B563BC8F367}"
EndProject
Global
	GlobalSection(SolutionConfigurationPlatforms) = preSolution
		Debug|Any CPU = Debug|Any CPU
		Release|Any CPU = Release|Any CPU
	EndGlobalSection
	GlobalSection(ProjectConfigurationPlatforms) = postSolution
		{54A59F33-0FCE-4007-9F9B-09FB4E0EDB1C}.Debug|Any CPU.ActiveCfg = Debug|Any CPU
		{54A59F33-0FCE-4007-9F9B-09FB4E0EDB1C}.Debug|Any CPU.Build.0 = Debug|Any CPU
		{54A59F33-0FCE-4007-9F9B-09FB4E0EDB1C}.Release|Any CPU.ActiveCfg = Release|Any CPU
		{54A59F33-0FCE-4007-9F9B-09FB4E0EDB1C}.Release|Any CPU.Build.0 = Release|Any CPU
		{9E2C2CB6-4789-42DC-9553-DF9D14497C98}.Debug|Any CPU.ActiveCfg = Debug|Any CPU
		{9E2C2CB6-4789-42DC-9553-DF9D14497C98}.Debug|Any CPU.Build.0 = Debug|Any CPU
		{9E2C2CB6-4789-42DC-9553-DF9D14497C98}.Release|Any CPU.ActiveCfg = Release|Any CPU
		{9E2C2CB6-4789-42DC-9553-DF9D14497C98}.Release|Any CPU.Build.0 = Release|Any CPU
		{406EF6FB-56FE-44FC-A7D3-A6F01ED5AFCC}.Debug|Any CPU.ActiveCfg = Debug|Any CPU
		{406EF6FB-56FE-44FC-A7D3-A6F01ED5AFCC}.Debug|Any CPU.Build.0 = Debug|Any CPU
		{406EF6FB-56FE-44FC-A7D3-A6F01ED5AFCC}.Release|Any CPU.ActiveCfg = Release|Any CPU
		{406EF6FB-56FE-44FC-A7D3-A6F01ED5AFCC}.Release|Any CPU.Build.0 = Release|Any CPU
		{257FCA5D-0EC4-4151-B756-A1EE717952FF}.Debug|Any CPU.ActiveCfg = Debug|Any CPU
		{257FCA5D-0EC4-4151-B756-A1EE717952FF}.Debug|Any CPU.Build.0 = Debug|Any CPU
		{257FCA5D-0EC4-4151-B756-A1EE717952FF}.Release|Any CPU.ActiveCfg = Release|Any CPU
		{257FCA5D-0EC4-4151-B756-A1EE717952FF}.Release|Any CPU.Build.0 = Release|Any CPU
		{34F8E11F-3E12-4D50-9380-25C8EF679B39}.Debug|Any CPU.ActiveCfg = Debug|Any CPU
		{34F8E11F-3E12-4D50-9380-25C8EF679B39}.Debug|Any CPU.Build.0 = Debug|Any CPU
		{34F8E11F-3E12-4D50-9380-25C8EF679B39}.Release|Any CPU.ActiveCfg = Release|Any CPU
		{34F8E11F-3E12-4D50-9380-25C8EF679B39}.Release|Any CPU.Build.0 = Release|Any CPU
		{B4D1C53A-7933-44F2-8D9C-291EAAA93491}.Debug|Any CPU.ActiveCfg = Debug|Any CPU
		{B4D1C53A-7933-44F2-8D9C-291EAAA93491}.Debug|Any CPU.Build.0 = Debug|Any CPU
		{B4D1C53A-7933-44F2-8D9C-291EAAA93491}.Release|Any CPU.ActiveCfg = Release|Any CPU
		{B4D1C53A-7933-44F2-8D9C-291EAAA93491}.Release|Any CPU.Build.0 = Release|Any CPU
		{2611E001-6B06-4592-904A-85B4F0CA9ACF}.Debug|Any CPU.ActiveCfg = Debug|Any CPU
		{2611E001-6B06-4592-904A-85B4F0CA9ACF}.Debug|Any CPU.Build.0 = Debug|Any CPU
		{2611E001-6B06-4592-904A-85B4F0CA9ACF}.Release|Any CPU.ActiveCfg = Release|Any CPU
		{2611E001-6B06-4592-904A-85B4F0CA9ACF}.Release|Any CPU.Build.0 = Release|Any CPU
		{66027439-44F7-4112-B9AD-F3E8BA606E2D}.Debug|Any CPU.ActiveCfg = Debug|Any CPU
		{66027439-44F7-4112-B9AD-F3E8BA606E2D}.Debug|Any CPU.Build.0 = Debug|Any CPU
		{66027439-44F7-4112-B9AD-F3E8BA606E2D}.Release|Any CPU.ActiveCfg = Release|Any CPU
		{66027439-44F7-4112-B9AD-F3E8BA606E2D}.Release|Any CPU.Build.0 = Release|Any CPU
		{67AF12FA-DA01-48AD-AAC2-5B563BC8F367}.Debug|Any CPU.ActiveCfg = Debug|Any CPU
		{67AF12FA-DA01-48AD-AAC2-5B563BC8F367}.Debug|Any CPU.Build.0 = Debug|Any CPU
		{67AF12FA-DA01-48AD-AAC2-5B563BC8F367}.Release|Any CPU.ActiveCfg = Release|Any CPU
		{67AF12FA-DA01-48AD-AAC2-5B563BC8F367}.Release|Any CPU.Build.0 = Release|Any CPU
	EndGlobalSection
	GlobalSection(SolutionProperties) = preSolution
		HideSolutionNode = FALSE
	EndGlobalSection
	GlobalSection(NestedProjects) = preSolution
		{2B8679F4-0606-4B9C-959B-0A87EE24E390} = {FFEAF4FE-04E0-4CC6-850B-C7439ED9BCDB}
		{FD42FEC1-D295-4777-85DE-9871FE03DC89} = {FFEAF4FE-04E0-4CC6-850B-C7439ED9BCDB}
		{54A59F33-0FCE-4007-9F9B-09FB4E0EDB1C} = {25571434-909C-4322-B25A-563E578ED335}
		{9E2C2CB6-4789-42DC-9553-DF9D14497C98} = {25571434-909C-4322-B25A-563E578ED335}
		{406EF6FB-56FE-44FC-A7D3-A6F01ED5AFCC} = {2B8679F4-0606-4B9C-959B-0A87EE24E390}
		{257FCA5D-0EC4-4151-B756-A1EE717952FF} = {FD42FEC1-D295-4777-85DE-9871FE03DC89}
		{34F8E11F-3E12-4D50-9380-25C8EF679B39} = {FD42FEC1-D295-4777-85DE-9871FE03DC89}
		{B4D1C53A-7933-44F2-8D9C-291EAAA93491} = {FD42FEC1-D295-4777-85DE-9871FE03DC89}
		{2611E001-6B06-4592-904A-85B4F0CA9ACF} = {C9F290DA-6A17-4530-AE40-EB695138ED62}
		{66027439-44F7-4112-B9AD-F3E8BA606E2D} = {4FFD2453-572F-442C-A7BC-9FEFCFA9AC32}
		{67AF12FA-DA01-48AD-AAC2-5B563BC8F367} = {18D4A07D-827E-43BA-9A8F-83253B3B783F}
	EndGlobalSection
	GlobalSection(ExtensibilityGlobals) = postSolution
		SolutionGuid = {447FAA23-E2CC-4CF4-B373-3C5A83222087}
	EndGlobalSection
EndGlobal
